
Microsoft Visual Studio Solution File, Format Version 12.00
# Visual Studio Version 17
VisualStudioVersion = 17.5.33530.505
MinimumVisualStudioVersion = 10.0.40219.1
Project("{9A19103F-16F7-4668-BE54-9A1E7A4F7556}") = "Sprachfeatures", "Sprachfeatures\Sprachfeatures.csproj", "{026EA249-C6D1-4AB1-8366-281ED5EF651C}"
EndProject
Project("{9A19103F-16F7-4668-BE54-9A1E7A4F7556}") = "TopLevelStatements", "TopLevelStatements\TopLevelStatements.csproj", "{AF5E7ABC-4D82-49DF-AB1C-257C9039D2F6}"
EndProject
Project("{9A19103F-16F7-4668-BE54-9A1E7A4F7556}") = "Generics", "Generics\Generics.csproj", "{8A32AE32-0ABF-453F-A225-4E12285BA6F6}"
EndProject
Project("{9A19103F-16F7-4668-BE54-9A1E7A4F7556}") = "DelegatesEvents", "DelegatesEvents\DelegatesEvents.csproj", "{01F8D758-F58C-4357-A364-23BFF2E82666}"
EndProject
Project("{9A19103F-16F7-4668-BE54-9A1E7A4F7556}") = "Serialisierung", "Serialisierung\Serialisierung.csproj", "{EC412256-DD32-444F-9C35-0D51A1A4766B}"
EndProject
Project("{9A19103F-16F7-4668-BE54-9A1E7A4F7556}") = "Multithreading", "Multithreading\Multithreading.csproj", "{6A0C17E9-062D-4596-BE9F-8C507BDC5A9D}"
EndProject
Project("{FAE04EC0-301F-11D3-BF4B-00C04F79EFBC}") = "Multitasking", "Multitasking\Multitasking.csproj", "{7CB69166-6C2F-49D0-85BF-6718E1521B56}"
EndProject
Global
	GlobalSection(SolutionConfigurationPlatforms) = preSolution
		Debug|Any CPU = Debug|Any CPU
		Release|Any CPU = Release|Any CPU
	EndGlobalSection
	GlobalSection(ProjectConfigurationPlatforms) = postSolution
		{026EA249-C6D1-4AB1-8366-281ED5EF651C}.Debug|Any CPU.ActiveCfg = Debug|Any CPU
		{026EA249-C6D1-4AB1-8366-281ED5EF651C}.Debug|Any CPU.Build.0 = Debug|Any CPU
		{026EA249-C6D1-4AB1-8366-281ED5EF651C}.Release|Any CPU.ActiveCfg = Release|Any CPU
		{026EA249-C6D1-4AB1-8366-281ED5EF651C}.Release|Any CPU.Build.0 = Release|Any CPU
		{AF5E7ABC-4D82-49DF-AB1C-257C9039D2F6}.Debug|Any CPU.ActiveCfg = Debug|Any CPU
		{AF5E7ABC-4D82-49DF-AB1C-257C9039D2F6}.Debug|Any CPU.Build.0 = Debug|Any CPU
		{AF5E7ABC-4D82-49DF-AB1C-257C9039D2F6}.Release|Any CPU.ActiveCfg = Release|Any CPU
		{AF5E7ABC-4D82-49DF-AB1C-257C9039D2F6}.Release|Any CPU.Build.0 = Release|Any CPU
		{8A32AE32-0ABF-453F-A225-4E12285BA6F6}.Debug|Any CPU.ActiveCfg = Debug|Any CPU
		{8A32AE32-0ABF-453F-A225-4E12285BA6F6}.Debug|Any CPU.Build.0 = Debug|Any CPU
		{8A32AE32-0ABF-453F-A225-4E12285BA6F6}.Release|Any CPU.ActiveCfg = Release|Any CPU
		{8A32AE32-0ABF-453F-A225-4E12285BA6F6}.Release|Any CPU.Build.0 = Release|Any CPU
		{01F8D758-F58C-4357-A364-23BFF2E82666}.Debug|Any CPU.ActiveCfg = Debug|Any CPU
		{01F8D758-F58C-4357-A364-23BFF2E82666}.Debug|Any CPU.Build.0 = Debug|Any CPU
		{01F8D758-F58C-4357-A364-23BFF2E82666}.Release|Any CPU.ActiveCfg = Release|Any CPU
		{01F8D758-F58C-4357-A364-23BFF2E82666}.Release|Any CPU.Build.0 = Release|Any CPU
		{EC412256-DD32-444F-9C35-0D51A1A4766B}.Debug|Any CPU.ActiveCfg = Debug|Any CPU
		{EC412256-DD32-444F-9C35-0D51A1A4766B}.Debug|Any CPU.Build.0 = Debug|Any CPU
		{EC412256-DD32-444F-9C35-0D51A1A4766B}.Release|Any CPU.ActiveCfg = Release|Any CPU
		{EC412256-DD32-444F-9C35-0D51A1A4766B}.Release|Any CPU.Build.0 = Release|Any CPU
		{6A0C17E9-062D-4596-BE9F-8C507BDC5A9D}.Debug|Any CPU.ActiveCfg = Debug|Any CPU
		{6A0C17E9-062D-4596-BE9F-8C507BDC5A9D}.Debug|Any CPU.Build.0 = Debug|Any CPU
		{6A0C17E9-062D-4596-BE9F-8C507BDC5A9D}.Release|Any CPU.ActiveCfg = Release|Any CPU
		{6A0C17E9-062D-4596-BE9F-8C507BDC5A9D}.Release|Any CPU.Build.0 = Release|Any CPU
		{7CB69166-6C2F-49D0-85BF-6718E1521B56}.Debug|Any CPU.ActiveCfg = Debug|Any CPU
		{7CB69166-6C2F-49D0-85BF-6718E1521B56}.Debug|Any CPU.Build.0 = Debug|Any CPU
		{7CB69166-6C2F-49D0-85BF-6718E1521B56}.Release|Any CPU.ActiveCfg = Release|Any CPU
		{7CB69166-6C2F-49D0-85BF-6718E1521B56}.Release|Any CPU.Build.0 = Release|Any CPU
	EndGlobalSection
	GlobalSection(SolutionProperties) = preSolution
		HideSolutionNode = FALSE
	EndGlobalSection
	GlobalSection(ExtensibilityGlobals) = postSolution
		SolutionGuid = {E43A774C-EB1F-4C1C-92EE-4D825B96374A}
	EndGlobalSection
EndGlobal
